
Microsoft Visual Studio Solution File, Format Version 12.00
# Visual Studio 15
VisualStudioVersion = 15.0.26124.0
MinimumVisualStudioVersion = 15.0.26124.0
Project("{F2A71F9B-5D33-465A-A702-920D77279786}") = "thisisnotarecipe.blog.api", "thisisnotarecipe.blog.api\thisisnotarecipe.blog.api.fsproj", "{B99F86C4-AFA8-4901-A0C0-208AE2F69C3B}"
EndProject
Project("{FAE04EC0-301F-11D3-BF4B-00C04F79EFBC}") = "thisisnotarecipe.blog.web", "thisisnotarecipe.blog.web\thisisnotarecipe.blog.web.csproj", "{A0C9321F-E989-4A56-B942-83BEF63A858E}"
EndProject
Global
	GlobalSection(SolutionConfigurationPlatforms) = preSolution
		Debug|Any CPU = Debug|Any CPU
		Debug|x64 = Debug|x64
		Debug|x86 = Debug|x86
		Release|Any CPU = Release|Any CPU
		Release|x64 = Release|x64
		Release|x86 = Release|x86
	EndGlobalSection
	GlobalSection(SolutionProperties) = preSolution
		HideSolutionNode = FALSE
	EndGlobalSection
	GlobalSection(ProjectConfigurationPlatforms) = postSolution
		{B99F86C4-AFA8-4901-A0C0-208AE2F69C3B}.Debug|Any CPU.ActiveCfg = Debug|Any CPU
		{B99F86C4-AFA8-4901-A0C0-208AE2F69C3B}.Debug|Any CPU.Build.0 = Debug|Any CPU
		{B99F86C4-AFA8-4901-A0C0-208AE2F69C3B}.Debug|x64.ActiveCfg = Debug|Any CPU
		{B99F86C4-AFA8-4901-A0C0-208AE2F69C3B}.Debug|x64.Build.0 = Debug|Any CPU
		{B99F86C4-AFA8-4901-A0C0-208AE2F69C3B}.Debug|x86.ActiveCfg = Debug|Any CPU
		{B99F86C4-AFA8-4901-A0C0-208AE2F69C3B}.Debug|x86.Build.0 = Debug|Any CPU
		{B99F86C4-AFA8-4901-A0C0-208AE2F69C3B}.Release|Any CPU.ActiveCfg = Release|Any CPU
		{B99F86C4-AFA8-4901-A0C0-208AE2F69C3B}.Release|Any CPU.Build.0 = Release|Any CPU
		{B99F86C4-AFA8-4901-A0C0-208AE2F69C3B}.Release|x64.ActiveCfg = Release|Any CPU
		{B99F86C4-AFA8-4901-A0C0-208AE2F69C3B}.Release|x64.Build.0 = Release|Any CPU
		{B99F86C4-AFA8-4901-A0C0-208AE2F69C3B}.Release|x86.ActiveCfg = Release|Any CPU
		{B99F86C4-AFA8-4901-A0C0-208AE2F69C3B}.Release|x86.Build.0 = Release|Any CPU
		{A0C9321F-E989-4A56-B942-83BEF63A858E}.Debug|Any CPU.ActiveCfg = Debug|Any CPU
		{A0C9321F-E989-4A56-B942-83BEF63A858E}.Debug|Any CPU.Build.0 = Debug|Any CPU
		{A0C9321F-E989-4A56-B942-83BEF63A858E}.Debug|x64.ActiveCfg = Debug|Any CPU
		{A0C9321F-E989-4A56-B942-83BEF63A858E}.Debug|x64.Build.0 = Debug|Any CPU
		{A0C9321F-E989-4A56-B942-83BEF63A858E}.Debug|x86.ActiveCfg = Debug|Any CPU
		{A0C9321F-E989-4A56-B942-83BEF63A858E}.Debug|x86.Build.0 = Debug|Any CPU
		{A0C9321F-E989-4A56-B942-83BEF63A858E}.Release|Any CPU.ActiveCfg = Release|Any CPU
		{A0C9321F-E989-4A56-B942-83BEF63A858E}.Release|Any CPU.Build.0 = Release|Any CPU
		{A0C9321F-E989-4A56-B942-83BEF63A858E}.Release|x64.ActiveCfg = Release|Any CPU
		{A0C9321F-E989-4A56-B942-83BEF63A858E}.Release|x64.Build.0 = Release|Any CPU
		{A0C9321F-E989-4A56-B942-83BEF63A858E}.Release|x86.ActiveCfg = Release|Any CPU
		{A0C9321F-E989-4A56-B942-83BEF63A858E}.Release|x86.Build.0 = Release|Any CPU
	EndGlobalSection
EndGlobal
